{
  "name": "npm-proj-1696519308158-0.278783107565305552smEof",
  "lockfileVersion": 2,
  "requires": true,
  "packages": {
    "": {
      "dependencies": {
        "ace-builds": "^1.25.1"
      }
    },
    "node_modules/ace-builds": {
      "version": "1.25.1",
      "resolved": "https://registry.npmjs.org/ace-builds/-/ace-builds-1.25.1.tgz",
      "integrity": "sha512-pB4N8wvl+tUEwD12BovBUpd6B+IpASOShd8WlufwFnXCfBQk/4nwmpN5vZSsvd6v5G7YaP9/PPdQK4cq2ZRzng=="
    }
  },
  "dependencies": {
    "ace-builds": {
      "version": "1.25.1",
      "resolved": "https://registry.npmjs.org/ace-builds/-/ace-builds-1.25.1.tgz",
      "integrity": "sha512-pB4N8wvl+tUEwD12BovBUpd6B+IpASOShd8WlufwFnXCfBQk/4nwmpN5vZSsvd6v5G7YaP9/PPdQK4cq2ZRzng=="
    }
  }
}
