{
  "name": "npm-proj-1705861264944-0.7781819049421652oJP0dj",
  "lockfileVersion": 2,
  "requires": true,
  "packages": {
    "": {
      "dependencies": {
        "ace-builds": "^1.32.3"
      }
    },
    "node_modules/ace-builds": {
      "version": "1.32.3",
      "resolved": "https://registry.npmjs.org/ace-builds/-/ace-builds-1.32.3.tgz",
      "integrity": "sha512-ptSTUmDEU+LuwGiPY3/qQPmmAWE27vuv5sASL8swLRyLGJb7Ye7a8MrJ4NnAkFh1sJgVUqKTEGWRRFDmqYPw2Q=="
    }
  },
  "dependencies": {
    "ace-builds": {
      "version": "1.32.3",
      "resolved": "https://registry.npmjs.org/ace-builds/-/ace-builds-1.32.3.tgz",
      "integrity": "sha512-ptSTUmDEU+LuwGiPY3/qQPmmAWE27vuv5sASL8swLRyLGJb7Ye7a8MrJ4NnAkFh1sJgVUqKTEGWRRFDmqYPw2Q=="
    }
  }
}
